
Microsoft Visual Studio Solution File, Format Version 12.00
# Visual Studio Version 17
VisualStudioVersion = 17.10.35122.118
MinimumVisualStudioVersion = 10.0.40219.1
Project("{FAE04EC0-301F-11D3-BF4B-00C04F79EFBC}") = "BusinessObjects", "BusinessObjects\BusinessObjects.csproj", "{88244166-7952-4871-8C87-6145B45334A6}"
EndProject
Project("{FAE04EC0-301F-11D3-BF4B-00C04F79EFBC}") = "DataAssetObjects", "DataAssetObjects\DataAssetObjects.csproj", "{651B3D06-BEBB-44B0-A772-FEB2932404BB}"
EndProject
Project("{FAE04EC0-301F-11D3-BF4B-00C04F79EFBC}") = "Repositories", "Repositories\Repositories.csproj", "{10661404-18C9-487F-BCA7-40C6F6548F26}"
EndProject
Project("{FAE04EC0-301F-11D3-BF4B-00C04F79EFBC}") = "Services", "Services\Services.csproj", "{F12AD627-D391-403B-90EA-E41977FE8AA4}"
EndProject
Project("{FAE04EC0-301F-11D3-BF4B-00C04F79EFBC}") = "WPF", "WPF\WPF.csproj", "{0A94FD96-2588-4C45-9DDA-047607544471}"
EndProject
Global
	GlobalSection(SolutionConfigurationPlatforms) = preSolution
		Debug|Any CPU = Debug|Any CPU
		Release|Any CPU = Release|Any CPU
	EndGlobalSection
	GlobalSection(ProjectConfigurationPlatforms) = postSolution
		{88244166-7952-4871-8C87-6145B45334A6}.Debug|Any CPU.ActiveCfg = Debug|Any CPU
		{88244166-7952-4871-8C87-6145B45334A6}.Debug|Any CPU.Build.0 = Debug|Any CPU
		{88244166-7952-4871-8C87-6145B45334A6}.Release|Any CPU.ActiveCfg = Release|Any CPU
		{88244166-7952-4871-8C87-6145B45334A6}.Release|Any CPU.Build.0 = Release|Any CPU
		{651B3D06-BEBB-44B0-A772-FEB2932404BB}.Debug|Any CPU.ActiveCfg = Debug|Any CPU
		{651B3D06-BEBB-44B0-A772-FEB2932404BB}.Debug|Any CPU.Build.0 = Debug|Any CPU
		{651B3D06-BEBB-44B0-A772-FEB2932404BB}.Release|Any CPU.ActiveCfg = Release|Any CPU
		{651B3D06-BEBB-44B0-A772-FEB2932404BB}.Release|Any CPU.Build.0 = Release|Any CPU
		{10661404-18C9-487F-BCA7-40C6F6548F26}.Debug|Any CPU.ActiveCfg = Debug|Any CPU
		{10661404-18C9-487F-BCA7-40C6F6548F26}.Debug|Any CPU.Build.0 = Debug|Any CPU
		{10661404-18C9-487F-BCA7-40C6F6548F26}.Release|Any CPU.ActiveCfg = Release|Any CPU
		{10661404-18C9-487F-BCA7-40C6F6548F26}.Release|Any CPU.Build.0 = Release|Any CPU
		{F12AD627-D391-403B-90EA-E41977FE8AA4}.Debug|Any CPU.ActiveCfg = Debug|Any CPU
		{F12AD627-D391-403B-90EA-E41977FE8AA4}.Debug|Any CPU.Build.0 = Debug|Any CPU
		{F12AD627-D391-403B-90EA-E41977FE8AA4}.Release|Any CPU.ActiveCfg = Release|Any CPU
		{F12AD627-D391-403B-90EA-E41977FE8AA4}.Release|Any CPU.Build.0 = Release|Any CPU
		{0A94FD96-2588-4C45-9DDA-047607544471}.Debug|Any CPU.ActiveCfg = Debug|Any CPU
		{0A94FD96-2588-4C45-9DDA-047607544471}.Debug|Any CPU.Build.0 = Debug|Any CPU
		{0A94FD96-2588-4C45-9DDA-047607544471}.Release|Any CPU.ActiveCfg = Release|Any CPU
		{0A94FD96-2588-4C45-9DDA-047607544471}.Release|Any CPU.Build.0 = Release|Any CPU
	EndGlobalSection
	GlobalSection(SolutionProperties) = preSolution
		HideSolutionNode = FALSE
	EndGlobalSection
	GlobalSection(ExtensibilityGlobals) = postSolution
		SolutionGuid = {B9D8226D-4EB3-4DF9-8BE1-9E2EA1369527}
	EndGlobalSection
EndGlobal
